// !$*UTF8*$!
{
	archiveVersion = 1;
	classes = {
	};
	objectVersion = 55;
	objects = {

/* Begin PBXBuildFile section */
		3BE90D14AAD15B1B1D0463AD /* Pods_Maps_MapsUITests.framework in Frameworks */ = {isa = PBXBuildFile; fileRef = B1E88E926C67B83A70D77455 /* Pods_Maps_MapsUITests.framework */; };
		4688BC81270DC45900F2916F /* AppDelegate.swift in Sources */ = {isa = PBXBuildFile; fileRef = 4688BC80270DC45900F2916F /* AppDelegate.swift */; };
		4688BC83270DC45900F2916F /* SceneDelegate.swift in Sources */ = {isa = PBXBuildFile; fileRef = 4688BC82270DC45900F2916F /* SceneDelegate.swift */; };
		4688BC85270DC45900F2916F /* StartViewController.swift in Sources */ = {isa = PBXBuildFile; fileRef = 4688BC84270DC45900F2916F /* StartViewController.swift */; };
		4688BC8A270DC45A00F2916F /* Assets.xcassets in Resources */ = {isa = PBXBuildFile; fileRef = 4688BC89270DC45A00F2916F /* Assets.xcassets */; };
		4688BC8D270DC45A00F2916F /* LaunchScreen.storyboard in Resources */ = {isa = PBXBuildFile; fileRef = 4688BC8B270DC45A00F2916F /* LaunchScreen.storyboard */; };
		4688BC98270DC45A00F2916F /* MapsTests.swift in Sources */ = {isa = PBXBuildFile; fileRef = 4688BC97270DC45A00F2916F /* MapsTests.swift */; };
		4688BCA2270DC45A00F2916F /* MapsUITests.swift in Sources */ = {isa = PBXBuildFile; fileRef = 4688BCA1270DC45A00F2916F /* MapsUITests.swift */; };
		4688BCA4270DC45A00F2916F /* MapsUITestsLaunchTests.swift in Sources */ = {isa = PBXBuildFile; fileRef = 4688BCA3270DC45A00F2916F /* MapsUITestsLaunchTests.swift */; };
		4688BCB4270DCE1A00F2916F /* MainMapViewController.swift in Sources */ = {isa = PBXBuildFile; fileRef = 4688BCB3270DCE1A00F2916F /* MainMapViewController.swift */; };
		4688BCB6270DD56B00F2916F /* InfoPointViewController.swift in Sources */ = {isa = PBXBuildFile; fileRef = 4688BCB5270DD56B00F2916F /* InfoPointViewController.swift */; };
		4688BCB8270EE25E00F2916F /* Colors.xcassets in Resources */ = {isa = PBXBuildFile; fileRef = 4688BCB7270EE25E00F2916F /* Colors.xcassets */; };
		4688BCBB270EE2C100F2916F /* Colors.swift in Sources */ = {isa = PBXBuildFile; fileRef = 4688BCBA270EE2C100F2916F /* Colors.swift */; };
		6FAEE5FADDBD89324175F285 /* Pods_MapsTests.framework in Frameworks */ = {isa = PBXBuildFile; fileRef = 358422B10622D49AB7B920C8 /* Pods_MapsTests.framework */; };
		ADBF4DE5A0B43471B76431EA /* Pods_Maps.framework in Frameworks */ = {isa = PBXBuildFile; fileRef = 643868505040657566A8F7FB /* Pods_Maps.framework */; };
/* End PBXBuildFile section */

/* Begin PBXContainerItemProxy section */
		4688BC94270DC45A00F2916F /* PBXContainerItemProxy */ = {
			isa = PBXContainerItemProxy;
			containerPortal = 4688BC75270DC45900F2916F /* Project object */;
			proxyType = 1;
			remoteGlobalIDString = 4688BC7C270DC45900F2916F;
			remoteInfo = Maps;
		};
		4688BC9E270DC45A00F2916F /* PBXContainerItemProxy */ = {
			isa = PBXContainerItemProxy;
			containerPortal = 4688BC75270DC45900F2916F /* Project object */;
			proxyType = 1;
			remoteGlobalIDString = 4688BC7C270DC45900F2916F;
			remoteInfo = Maps;
		};
/* End PBXContainerItemProxy section */

/* Begin PBXFileReference section */
		10384B4734B2A5AA8655F956 /* Pods-Maps.debug.xcconfig */ = {isa = PBXFileReference; includeInIndex = 1; lastKnownFileType = text.xcconfig; name = "Pods-Maps.debug.xcconfig"; path = "Target Support Files/Pods-Maps/Pods-Maps.debug.xcconfig"; sourceTree = "<group>"; };
		358422B10622D49AB7B920C8 /* Pods_MapsTests.framework */ = {isa = PBXFileReference; explicitFileType = wrapper.framework; includeInIndex = 0; path = Pods_MapsTests.framework; sourceTree = BUILT_PRODUCTS_DIR; };
		4688BC7D270DC45900F2916F /* Maps.app */ = {isa = PBXFileReference; explicitFileType = wrapper.application; includeInIndex = 0; path = Maps.app; sourceTree = BUILT_PRODUCTS_DIR; };
		4688BC80270DC45900F2916F /* AppDelegate.swift */ = {isa = PBXFileReference; lastKnownFileType = sourcecode.swift; path = AppDelegate.swift; sourceTree = "<group>"; };
		4688BC82270DC45900F2916F /* SceneDelegate.swift */ = {isa = PBXFileReference; lastKnownFileType = sourcecode.swift; path = SceneDelegate.swift; sourceTree = "<group>"; };
		4688BC84270DC45900F2916F /* StartViewController.swift */ = {isa = PBXFileReference; lastKnownFileType = sourcecode.swift; path = StartViewController.swift; sourceTree = "<group>"; };
		4688BC89270DC45A00F2916F /* Assets.xcassets */ = {isa = PBXFileReference; lastKnownFileType = folder.assetcatalog; path = Assets.xcassets; sourceTree = "<group>"; };
		4688BC8C270DC45A00F2916F /* Base */ = {isa = PBXFileReference; lastKnownFileType = file.storyboard; name = Base; path = Base.lproj/LaunchScreen.storyboard; sourceTree = "<group>"; };
		4688BC8E270DC45A00F2916F /* Info.plist */ = {isa = PBXFileReference; lastKnownFileType = text.plist.xml; path = Info.plist; sourceTree = "<group>"; };
		4688BC93270DC45A00F2916F /* MapsTests.xctest */ = {isa = PBXFileReference; explicitFileType = wrapper.cfbundle; includeInIndex = 0; path = MapsTests.xctest; sourceTree = BUILT_PRODUCTS_DIR; };
		4688BC97270DC45A00F2916F /* MapsTests.swift */ = {isa = PBXFileReference; lastKnownFileType = sourcecode.swift; path = MapsTests.swift; sourceTree = "<group>"; };
		4688BC9D270DC45A00F2916F /* MapsUITests.xctest */ = {isa = PBXFileReference; explicitFileType = wrapper.cfbundle; includeInIndex = 0; path = MapsUITests.xctest; sourceTree = BUILT_PRODUCTS_DIR; };
		4688BCA1270DC45A00F2916F /* MapsUITests.swift */ = {isa = PBXFileReference; lastKnownFileType = sourcecode.swift; path = MapsUITests.swift; sourceTree = "<group>"; };
		4688BCA3270DC45A00F2916F /* MapsUITestsLaunchTests.swift */ = {isa = PBXFileReference; lastKnownFileType = sourcecode.swift; path = MapsUITestsLaunchTests.swift; sourceTree = "<group>"; };
		4688BCB3270DCE1A00F2916F /* MainMapViewController.swift */ = {isa = PBXFileReference; lastKnownFileType = sourcecode.swift; path = MainMapViewController.swift; sourceTree = "<group>"; };
		4688BCB5270DD56B00F2916F /* InfoPointViewController.swift */ = {isa = PBXFileReference; lastKnownFileType = sourcecode.swift; path = InfoPointViewController.swift; sourceTree = "<group>"; };
		4688BCB7270EE25E00F2916F /* Colors.xcassets */ = {isa = PBXFileReference; lastKnownFileType = folder.assetcatalog; path = Colors.xcassets; sourceTree = "<group>"; };
		4688BCBA270EE2C100F2916F /* Colors.swift */ = {isa = PBXFileReference; lastKnownFileType = sourcecode.swift; path = Colors.swift; sourceTree = "<group>"; };
		643868505040657566A8F7FB /* Pods_Maps.framework */ = {isa = PBXFileReference; explicitFileType = wrapper.framework; includeInIndex = 0; path = Pods_Maps.framework; sourceTree = BUILT_PRODUCTS_DIR; };
		68FCD6FBFAF50876F6C173DD /* Pods-Maps-MapsUITests.release.xcconfig */ = {isa = PBXFileReference; includeInIndex = 1; lastKnownFileType = text.xcconfig; name = "Pods-Maps-MapsUITests.release.xcconfig"; path = "Target Support Files/Pods-Maps-MapsUITests/Pods-Maps-MapsUITests.release.xcconfig"; sourceTree = "<group>"; };
		B1E88E926C67B83A70D77455 /* Pods_Maps_MapsUITests.framework */ = {isa = PBXFileReference; explicitFileType = wrapper.framework; includeInIndex = 0; path = Pods_Maps_MapsUITests.framework; sourceTree = BUILT_PRODUCTS_DIR; };
		E98A87EDF0E6EA91B7242174 /* Pods-Maps.release.xcconfig */ = {isa = PBXFileReference; includeInIndex = 1; lastKnownFileType = text.xcconfig; name = "Pods-Maps.release.xcconfig"; path = "Target Support Files/Pods-Maps/Pods-Maps.release.xcconfig"; sourceTree = "<group>"; };
		EE75F9BB20AE57476F08644B /* Pods-MapsTests.debug.xcconfig */ = {isa = PBXFileReference; includeInIndex = 1; lastKnownFileType = text.xcconfig; name = "Pods-MapsTests.debug.xcconfig"; path = "Target Support Files/Pods-MapsTests/Pods-MapsTests.debug.xcconfig"; sourceTree = "<group>"; };
		F0DA460973077940008E2D24 /* Pods-Maps-MapsUITests.debug.xcconfig */ = {isa = PBXFileReference; includeInIndex = 1; lastKnownFileType = text.xcconfig; name = "Pods-Maps-MapsUITests.debug.xcconfig"; path = "Target Support Files/Pods-Maps-MapsUITests/Pods-Maps-MapsUITests.debug.xcconfig"; sourceTree = "<group>"; };
		FFE63C3AA678E2ED104D9383 /* Pods-MapsTests.release.xcconfig */ = {isa = PBXFileReference; includeInIndex = 1; lastKnownFileType = text.xcconfig; name = "Pods-MapsTests.release.xcconfig"; path = "Target Support Files/Pods-MapsTests/Pods-MapsTests.release.xcconfig"; sourceTree = "<group>"; };
/* End PBXFileReference section */

/* Begin PBXFrameworksBuildPhase section */
		4688BC7A270DC45900F2916F /* Frameworks */ = {
			isa = PBXFrameworksBuildPhase;
			buildActionMask = 2147483647;
			files = (
				ADBF4DE5A0B43471B76431EA /* Pods_Maps.framework in Frameworks */,
			);
			runOnlyForDeploymentPostprocessing = 0;
		};
		4688BC90270DC45A00F2916F /* Frameworks */ = {
			isa = PBXFrameworksBuildPhase;
			buildActionMask = 2147483647;
			files = (
				6FAEE5FADDBD89324175F285 /* Pods_MapsTests.framework in Frameworks */,
			);
			runOnlyForDeploymentPostprocessing = 0;
		};
		4688BC9A270DC45A00F2916F /* Frameworks */ = {
			isa = PBXFrameworksBuildPhase;
			buildActionMask = 2147483647;
			files = (
				3BE90D14AAD15B1B1D0463AD /* Pods_Maps_MapsUITests.framework in Frameworks */,
			);
			runOnlyForDeploymentPostprocessing = 0;
		};
/* End PBXFrameworksBuildPhase section */

/* Begin PBXGroup section */
		3516708CD554F3BF7078E23C /* Frameworks */ = {
			isa = PBXGroup;
			children = (
				643868505040657566A8F7FB /* Pods_Maps.framework */,
				B1E88E926C67B83A70D77455 /* Pods_Maps_MapsUITests.framework */,
				358422B10622D49AB7B920C8 /* Pods_MapsTests.framework */,
			);
			name = Frameworks;
			sourceTree = "<group>";
		};
		4688BC74270DC45900F2916F = {
			isa = PBXGroup;
			children = (
				4688BC7F270DC45900F2916F /* Maps */,
				4688BC96270DC45A00F2916F /* MapsTests */,
				4688BCA0270DC45A00F2916F /* MapsUITests */,
				4688BC7E270DC45900F2916F /* Products */,
				5D5488E27C7C3238CA875BCF /* Pods */,
				3516708CD554F3BF7078E23C /* Frameworks */,
			);
			sourceTree = "<group>";
		};
		4688BC7E270DC45900F2916F /* Products */ = {
			isa = PBXGroup;
			children = (
				4688BC7D270DC45900F2916F /* Maps.app */,
				4688BC93270DC45A00F2916F /* MapsTests.xctest */,
				4688BC9D270DC45A00F2916F /* MapsUITests.xctest */,
			);
			name = Products;
			sourceTree = "<group>";
		};
		4688BC7F270DC45900F2916F /* Maps */ = {
			isa = PBXGroup;
			children = (
				4688BC80270DC45900F2916F /* AppDelegate.swift */,
				4688BC82270DC45900F2916F /* SceneDelegate.swift */,
				4688BCB9270EE2AC00F2916F /* Styles */,
				4688BCB0270DCBE600F2916F /* StartScene */,
				4688BCB1270DCBF900F2916F /* MainMapScene */,
				4688BCB2270DCC2300F2916F /* InfoPointScene */,
				4688BC89270DC45A00F2916F /* Assets.xcassets */,
				4688BCB7270EE25E00F2916F /* Colors.xcassets */,
				4688BC8B270DC45A00F2916F /* LaunchScreen.storyboard */,
				4688BC8E270DC45A00F2916F /* Info.plist */,
			);
			path = Maps;
			sourceTree = "<group>";
		};
		4688BC96270DC45A00F2916F /* MapsTests */ = {
			isa = PBXGroup;
			children = (
				4688BC97270DC45A00F2916F /* MapsTests.swift */,
			);
			path = MapsTests;
			sourceTree = "<group>";
		};
		4688BCA0270DC45A00F2916F /* MapsUITests */ = {
			isa = PBXGroup;
			children = (
				4688BCA1270DC45A00F2916F /* MapsUITests.swift */,
				4688BCA3270DC45A00F2916F /* MapsUITestsLaunchTests.swift */,
			);
			path = MapsUITests;
			sourceTree = "<group>";
		};
		4688BCB0270DCBE600F2916F /* StartScene */ = {
			isa = PBXGroup;
			children = (
				4688BC84270DC45900F2916F /* StartViewController.swift */,
			);
			path = StartScene;
			sourceTree = "<group>";
		};
		4688BCB1270DCBF900F2916F /* MainMapScene */ = {
			isa = PBXGroup;
			children = (
				4688BCB3270DCE1A00F2916F /* MainMapViewController.swift */,
			);
			path = MainMapScene;
			sourceTree = "<group>";
		};
		4688BCB2270DCC2300F2916F /* InfoPointScene */ = {
			isa = PBXGroup;
			children = (
				4688BCB5270DD56B00F2916F /* InfoPointViewController.swift */,
			);
			path = InfoPointScene;
			sourceTree = "<group>";
		};
		4688BCB9270EE2AC00F2916F /* Styles */ = {
			isa = PBXGroup;
			children = (
				4688BCBA270EE2C100F2916F /* Colors.swift */,
			);
			path = Styles;
			sourceTree = "<group>";
		};
		5D5488E27C7C3238CA875BCF /* Pods */ = {
			isa = PBXGroup;
			children = (
				10384B4734B2A5AA8655F956 /* Pods-Maps.debug.xcconfig */,
				E98A87EDF0E6EA91B7242174 /* Pods-Maps.release.xcconfig */,
				F0DA460973077940008E2D24 /* Pods-Maps-MapsUITests.debug.xcconfig */,
				68FCD6FBFAF50876F6C173DD /* Pods-Maps-MapsUITests.release.xcconfig */,
				EE75F9BB20AE57476F08644B /* Pods-MapsTests.debug.xcconfig */,
				FFE63C3AA678E2ED104D9383 /* Pods-MapsTests.release.xcconfig */,
			);
			name = Pods;
			path = Pods;
			sourceTree = "<group>";
		};
/* End PBXGroup section */

/* Begin PBXNativeTarget section */
		4688BC7C270DC45900F2916F /* Maps */ = {
			isa = PBXNativeTarget;
			buildConfigurationList = 4688BCA7270DC45A00F2916F /* Build configuration list for PBXNativeTarget "Maps" */;
			buildPhases = (
				5F42D113C164B97F4608151C /* [CP] Check Pods Manifest.lock */,
				4688BC79270DC45900F2916F /* Sources */,
				4688BC7A270DC45900F2916F /* Frameworks */,
				4688BC7B270DC45900F2916F /* Resources */,
				775F870F30F3AD21E949AA83 /* [CP] Copy Pods Resources */,
			);
			buildRules = (
			);
			dependencies = (
			);
			name = Maps;
			productName = Maps;
			productReference = 4688BC7D270DC45900F2916F /* Maps.app */;
			productType = "com.apple.product-type.application";
		};
		4688BC92270DC45A00F2916F /* MapsTests */ = {
			isa = PBXNativeTarget;
			buildConfigurationList = 4688BCAA270DC45A00F2916F /* Build configuration list for PBXNativeTarget "MapsTests" */;
			buildPhases = (
				90FBC7A04B3716D3EBADB086 /* [CP] Check Pods Manifest.lock */,
				4688BC8F270DC45A00F2916F /* Sources */,
				4688BC90270DC45A00F2916F /* Frameworks */,
				4688BC91270DC45A00F2916F /* Resources */,
			);
			buildRules = (
			);
			dependencies = (
				4688BC95270DC45A00F2916F /* PBXTargetDependency */,
			);
			name = MapsTests;
			productName = MapsTests;
			productReference = 4688BC93270DC45A00F2916F /* MapsTests.xctest */;
			productType = "com.apple.product-type.bundle.unit-test";
		};
		4688BC9C270DC45A00F2916F /* MapsUITests */ = {
			isa = PBXNativeTarget;
			buildConfigurationList = 4688BCAD270DC45A00F2916F /* Build configuration list for PBXNativeTarget "MapsUITests" */;
			buildPhases = (
				7946F3D3CEB4FF74C5FD057F /* [CP] Check Pods Manifest.lock */,
				4688BC99270DC45A00F2916F /* Sources */,
				4688BC9A270DC45A00F2916F /* Frameworks */,
				4688BC9B270DC45A00F2916F /* Resources */,
				EA4F885EE36238B67EEE8EE8 /* [CP] Copy Pods Resources */,
			);
			buildRules = (
			);
			dependencies = (
				4688BC9F270DC45A00F2916F /* PBXTargetDependency */,
			);
			name = MapsUITests;
			productName = MapsUITests;
			productReference = 4688BC9D270DC45A00F2916F /* MapsUITests.xctest */;
			productType = "com.apple.product-type.bundle.ui-testing";
		};
/* End PBXNativeTarget section */

/* Begin PBXProject section */
		4688BC75270DC45900F2916F /* Project object */ = {
			isa = PBXProject;
			attributes = {
				BuildIndependentTargetsInParallel = 1;
				LastSwiftUpdateCheck = 1300;
				LastUpgradeCheck = 1300;
				TargetAttributes = {
					4688BC7C270DC45900F2916F = {
						CreatedOnToolsVersion = 13.0;
					};
					4688BC92270DC45A00F2916F = {
						CreatedOnToolsVersion = 13.0;
						TestTargetID = 4688BC7C270DC45900F2916F;
					};
					4688BC9C270DC45A00F2916F = {
						CreatedOnToolsVersion = 13.0;
						TestTargetID = 4688BC7C270DC45900F2916F;
					};
				};
			};
			buildConfigurationList = 4688BC78270DC45900F2916F /* Build configuration list for PBXProject "Maps" */;
			compatibilityVersion = "Xcode 13.0";
			developmentRegion = en;
			hasScannedForEncodings = 0;
			knownRegions = (
				en,
				Base,
			);
			mainGroup = 4688BC74270DC45900F2916F;
			productRefGroup = 4688BC7E270DC45900F2916F /* Products */;
			projectDirPath = "";
			projectRoot = "";
			targets = (
				4688BC7C270DC45900F2916F /* Maps */,
				4688BC92270DC45A00F2916F /* MapsTests */,
				4688BC9C270DC45A00F2916F /* MapsUITests */,
			);
		};
/* End PBXProject section */

/* Begin PBXResourcesBuildPhase section */
		4688BC7B270DC45900F2916F /* Resources */ = {
			isa = PBXResourcesBuildPhase;
			buildActionMask = 2147483647;
			files = (
				4688BCB8270EE25E00F2916F /* Colors.xcassets in Resources */,
				4688BC8D270DC45A00F2916F /* LaunchScreen.storyboard in Resources */,
				4688BC8A270DC45A00F2916F /* Assets.xcassets in Resources */,
			);
			runOnlyForDeploymentPostprocessing = 0;
		};
		4688BC91270DC45A00F2916F /* Resources */ = {
			isa = PBXResourcesBuildPhase;
			buildActionMask = 2147483647;
			files = (
			);
			runOnlyForDeploymentPostprocessing = 0;
		};
		4688BC9B270DC45A00F2916F /* Resources */ = {
			isa = PBXResourcesBuildPhase;
			buildActionMask = 2147483647;
			files = (
			);
			runOnlyForDeploymentPostprocessing = 0;
		};
/* End PBXResourcesBuildPhase section */

/* Begin PBXShellScriptBuildPhase section */
		5F42D113C164B97F4608151C /* [CP] Check Pods Manifest.lock */ = {
			isa = PBXShellScriptBuildPhase;
			buildActionMask = 2147483647;
			files = (
			);
			inputFileListPaths = (
			);
			inputPaths = (
				"${PODS_PODFILE_DIR_PATH}/Podfile.lock",
				"${PODS_ROOT}/Manifest.lock",
			);
			name = "[CP] Check Pods Manifest.lock";
			outputFileListPaths = (
			);
			outputPaths = (
				"$(DERIVED_FILE_DIR)/Pods-Maps-checkManifestLockResult.txt",
			);
			runOnlyForDeploymentPostprocessing = 0;
			shellPath = /bin/sh;
			shellScript = "diff \"${PODS_PODFILE_DIR_PATH}/Podfile.lock\" \"${PODS_ROOT}/Manifest.lock\" > /dev/null\nif [ $? != 0 ] ; then\n    # print error to STDERR\n    echo \"error: The sandbox is not in sync with the Podfile.lock. Run 'pod install' or update your CocoaPods installation.\" >&2\n    exit 1\nfi\n# This output is used by Xcode 'outputs' to avoid re-running this script phase.\necho \"SUCCESS\" > \"${SCRIPT_OUTPUT_FILE_0}\"\n";
			showEnvVarsInLog = 0;
		};
		775F870F30F3AD21E949AA83 /* [CP] Copy Pods Resources */ = {
			isa = PBXShellScriptBuildPhase;
			buildActionMask = 2147483647;
			files = (
			);
			inputFileListPaths = (
				"${PODS_ROOT}/Target Support Files/Pods-Maps/Pods-Maps-resources-${CONFIGURATION}-input-files.xcfilelist",
			);
			name = "[CP] Copy Pods Resources";
			outputFileListPaths = (
				"${PODS_ROOT}/Target Support Files/Pods-Maps/Pods-Maps-resources-${CONFIGURATION}-output-files.xcfilelist",
			);
			runOnlyForDeploymentPostprocessing = 0;
			shellPath = /bin/sh;
			shellScript = "\"${PODS_ROOT}/Target Support Files/Pods-Maps/Pods-Maps-resources.sh\"\n";
			showEnvVarsInLog = 0;
		};
		7946F3D3CEB4FF74C5FD057F /* [CP] Check Pods Manifest.lock */ = {
			isa = PBXShellScriptBuildPhase;
			buildActionMask = 2147483647;
			files = (
			);
			inputFileListPaths = (
			);
			inputPaths = (
				"${PODS_PODFILE_DIR_PATH}/Podfile.lock",
				"${PODS_ROOT}/Manifest.lock",
			);
			name = "[CP] Check Pods Manifest.lock";
			outputFileListPaths = (
			);
			outputPaths = (
				"$(DERIVED_FILE_DIR)/Pods-Maps-MapsUITests-checkManifestLockResult.txt",
			);
			runOnlyForDeploymentPostprocessing = 0;
			shellPath = /bin/sh;
			shellScript = "diff \"${PODS_PODFILE_DIR_PATH}/Podfile.lock\" \"${PODS_ROOT}/Manifest.lock\" > /dev/null\nif [ $? != 0 ] ; then\n    # print error to STDERR\n    echo \"error: The sandbox is not in sync with the Podfile.lock. Run 'pod install' or update your CocoaPods installation.\" >&2\n    exit 1\nfi\n# This output is used by Xcode 'outputs' to avoid re-running this script phase.\necho \"SUCCESS\" > \"${SCRIPT_OUTPUT_FILE_0}\"\n";
			showEnvVarsInLog = 0;
		};
		90FBC7A04B3716D3EBADB086 /* [CP] Check Pods Manifest.lock */ = {
			isa = PBXShellScriptBuildPhase;
			buildActionMask = 2147483647;
			files = (
			);
			inputFileListPaths = (
			);
			inputPaths = (
				"${PODS_PODFILE_DIR_PATH}/Podfile.lock",
				"${PODS_ROOT}/Manifest.lock",
			);
			name = "[CP] Check Pods Manifest.lock";
			outputFileListPaths = (
			);
			outputPaths = (
				"$(DERIVED_FILE_DIR)/Pods-MapsTests-checkManifestLockResult.txt",
			);
			runOnlyForDeploymentPostprocessing = 0;
			shellPath = /bin/sh;
			shellScript = "diff \"${PODS_PODFILE_DIR_PATH}/Podfile.lock\" \"${PODS_ROOT}/Manifest.lock\" > /dev/null\nif [ $? != 0 ] ; then\n    # print error to STDERR\n    echo \"error: The sandbox is not in sync with the Podfile.lock. Run 'pod install' or update your CocoaPods installation.\" >&2\n    exit 1\nfi\n# This output is used by Xcode 'outputs' to avoid re-running this script phase.\necho \"SUCCESS\" > \"${SCRIPT_OUTPUT_FILE_0}\"\n";
			showEnvVarsInLog = 0;
		};
		EA4F885EE36238B67EEE8EE8 /* [CP] Copy Pods Resources */ = {
			isa = PBXShellScriptBuildPhase;
			buildActionMask = 2147483647;
			files = (
			);
			inputFileListPaths = (
				"${PODS_ROOT}/Target Support Files/Pods-Maps-MapsUITests/Pods-Maps-MapsUITests-resources-${CONFIGURATION}-input-files.xcfilelist",
			);
			name = "[CP] Copy Pods Resources";
			outputFileListPaths = (
				"${PODS_ROOT}/Target Support Files/Pods-Maps-MapsUITests/Pods-Maps-MapsUITests-resources-${CONFIGURATION}-output-files.xcfilelist",
			);
			runOnlyForDeploymentPostprocessing = 0;
			shellPath = /bin/sh;
			shellScript = "\"${PODS_ROOT}/Target Support Files/Pods-Maps-MapsUITests/Pods-Maps-MapsUITests-resources.sh\"\n";
			showEnvVarsInLog = 0;
		};
/* End PBXShellScriptBuildPhase section */

/* Begin PBXSourcesBuildPhase section */
		4688BC79270DC45900F2916F /* Sources */ = {
			isa = PBXSourcesBuildPhase;
			buildActionMask = 2147483647;
			files = (
				4688BCB4270DCE1A00F2916F /* MainMapViewController.swift in Sources */,
				4688BCBB270EE2C100F2916F /* Colors.swift in Sources */,
				4688BC85270DC45900F2916F /* StartViewController.swift in Sources */,
				4688BC81270DC45900F2916F /* AppDelegate.swift in Sources */,
				4688BCB6270DD56B00F2916F /* InfoPointViewController.swift in Sources */,
				4688BC83270DC45900F2916F /* SceneDelegate.swift in Sources */,
			);
			runOnlyForDeploymentPostprocessing = 0;
		};
		4688BC8F270DC45A00F2916F /* Sources */ = {
			isa = PBXSourcesBuildPhase;
			buildActionMask = 2147483647;
			files = (
				4688BC98270DC45A00F2916F /* MapsTests.swift in Sources */,
			);
			runOnlyForDeploymentPostprocessing = 0;
		};
		4688BC99270DC45A00F2916F /* Sources */ = {
			isa = PBXSourcesBuildPhase;
			buildActionMask = 2147483647;
			files = (
				4688BCA2270DC45A00F2916F /* MapsUITests.swift in Sources */,
				4688BCA4270DC45A00F2916F /* MapsUITestsLaunchTests.swift in Sources */,
			);
			runOnlyForDeploymentPostprocessing = 0;
		};
/* End PBXSourcesBuildPhase section */

/* Begin PBXTargetDependency section */
		4688BC95270DC45A00F2916F /* PBXTargetDependency */ = {
			isa = PBXTargetDependency;
			target = 4688BC7C270DC45900F2916F /* Maps */;
			targetProxy = 4688BC94270DC45A00F2916F /* PBXContainerItemProxy */;
		};
		4688BC9F270DC45A00F2916F /* PBXTargetDependency */ = {
			isa = PBXTargetDependency;
			target = 4688BC7C270DC45900F2916F /* Maps */;
			targetProxy = 4688BC9E270DC45A00F2916F /* PBXContainerItemProxy */;
		};
/* End PBXTargetDependency section */

/* Begin PBXVariantGroup section */
		4688BC8B270DC45A00F2916F /* LaunchScreen.storyboard */ = {
			isa = PBXVariantGroup;
			children = (
				4688BC8C270DC45A00F2916F /* Base */,
			);
			name = LaunchScreen.storyboard;
			sourceTree = "<group>";
		};
/* End PBXVariantGroup section */

/* Begin XCBuildConfiguration section */
		4688BCA5270DC45A00F2916F /* Debug */ = {
			isa = XCBuildConfiguration;
			buildSettings = {
				ALWAYS_SEARCH_USER_PATHS = NO;
				CLANG_ANALYZER_NONNULL = YES;
				CLANG_ANALYZER_NUMBER_OBJECT_CONVERSION = YES_AGGRESSIVE;
				CLANG_CXX_LANGUAGE_STANDARD = "gnu++17";
				CLANG_CXX_LIBRARY = "libc++";
				CLANG_ENABLE_MODULES = YES;
				CLANG_ENABLE_OBJC_ARC = YES;
				CLANG_ENABLE_OBJC_WEAK = YES;
				CLANG_WARN_BLOCK_CAPTURE_AUTORELEASING = YES;
				CLANG_WARN_BOOL_CONVERSION = YES;
				CLANG_WARN_COMMA = YES;
				CLANG_WARN_CONSTANT_CONVERSION = YES;
				CLANG_WARN_DEPRECATED_OBJC_IMPLEMENTATIONS = YES;
				CLANG_WARN_DIRECT_OBJC_ISA_USAGE = YES_ERROR;
				CLANG_WARN_DOCUMENTATION_COMMENTS = YES;
				CLANG_WARN_EMPTY_BODY = YES;
				CLANG_WARN_ENUM_CONVERSION = YES;
				CLANG_WARN_INFINITE_RECURSION = YES;
				CLANG_WARN_INT_CONVERSION = YES;
				CLANG_WARN_NON_LITERAL_NULL_CONVERSION = YES;
				CLANG_WARN_OBJC_IMPLICIT_RETAIN_SELF = YES;
				CLANG_WARN_OBJC_LITERAL_CONVERSION = YES;
				CLANG_WARN_OBJC_ROOT_CLASS = YES_ERROR;
				CLANG_WARN_QUOTED_INCLUDE_IN_FRAMEWORK_HEADER = YES;
				CLANG_WARN_RANGE_LOOP_ANALYSIS = YES;
				CLANG_WARN_STRICT_PROTOTYPES = YES;
				CLANG_WARN_SUSPICIOUS_MOVE = YES;
				CLANG_WARN_UNGUARDED_AVAILABILITY = YES_AGGRESSIVE;
				CLANG_WARN_UNREACHABLE_CODE = YES;
				CLANG_WARN__DUPLICATE_METHOD_MATCH = YES;
				COPY_PHASE_STRIP = NO;
				DEBUG_INFORMATION_FORMAT = dwarf;
				ENABLE_STRICT_OBJC_MSGSEND = YES;
				ENABLE_TESTABILITY = YES;
				GCC_C_LANGUAGE_STANDARD = gnu11;
				GCC_DYNAMIC_NO_PIC = NO;
				GCC_NO_COMMON_BLOCKS = YES;
				GCC_OPTIMIZATION_LEVEL = 0;
				GCC_PREPROCESSOR_DEFINITIONS = (
					"DEBUG=1",
					"$(inherited)",
				);
				GCC_WARN_64_TO_32_BIT_CONVERSION = YES;
				GCC_WARN_ABOUT_RETURN_TYPE = YES_ERROR;
				GCC_WARN_UNDECLARED_SELECTOR = YES;
				GCC_WARN_UNINITIALIZED_AUTOS = YES_AGGRESSIVE;
				GCC_WARN_UNUSED_FUNCTION = YES;
				GCC_WARN_UNUSED_VARIABLE = YES;
				IPHONEOS_DEPLOYMENT_TARGET = 15.0;
				MTL_ENABLE_DEBUG_INFO = INCLUDE_SOURCE;
				MTL_FAST_MATH = YES;
				ONLY_ACTIVE_ARCH = YES;
				SDKROOT = iphoneos;
				SWIFT_ACTIVE_COMPILATION_CONDITIONS = DEBUG;
				SWIFT_OPTIMIZATION_LEVEL = "-Onone";
			};
			name = Debug;
		};
		4688BCA6270DC45A00F2916F /* Release */ = {
			isa = XCBuildConfiguration;
			buildSettings = {
				ALWAYS_SEARCH_USER_PATHS = NO;
				CLANG_ANALYZER_NONNULL = YES;
				CLANG_ANALYZER_NUMBER_OBJECT_CONVERSION = YES_AGGRESSIVE;
				CLANG_CXX_LANGUAGE_STANDARD = "gnu++17";
				CLANG_CXX_LIBRARY = "libc++";
				CLANG_ENABLE_MODULES = YES;
				CLANG_ENABLE_OBJC_ARC = YES;
				CLANG_ENABLE_OBJC_WEAK = YES;
				CLANG_WARN_BLOCK_CAPTURE_AUTORELEASING = YES;
				CLANG_WARN_BOOL_CONVERSION = YES;
				CLANG_WARN_COMMA = YES;
				CLANG_WARN_CONSTANT_CONVERSION = YES;
				CLANG_WARN_DEPRECATED_OBJC_IMPLEMENTATIONS = YES;
				CLANG_WARN_DIRECT_OBJC_ISA_USAGE = YES_ERROR;
				CLANG_WARN_DOCUMENTATION_COMMENTS = YES;
				CLANG_WARN_EMPTY_BODY = YES;
				CLANG_WARN_ENUM_CONVERSION = YES;
				CLANG_WARN_INFINITE_RECURSION = YES;
				CLANG_WARN_INT_CONVERSION = YES;
				CLANG_WARN_NON_LITERAL_NULL_CONVERSION = YES;
				CLANG_WARN_OBJC_IMPLICIT_RETAIN_SELF = YES;
				CLANG_WARN_OBJC_LITERAL_CONVERSION = YES;
				CLANG_WARN_OBJC_ROOT_CLASS = YES_ERROR;
				CLANG_WARN_QUOTED_INCLUDE_IN_FRAMEWORK_HEADER = YES;
				CLANG_WARN_RANGE_LOOP_ANALYSIS = YES;
				CLANG_WARN_STRICT_PROTOTYPES = YES;
				CLANG_WARN_SUSPICIOUS_MOVE = YES;
				CLANG_WARN_UNGUARDED_AVAILABILITY = YES_AGGRESSIVE;
				CLANG_WARN_UNREACHABLE_CODE = YES;
				CLANG_WARN__DUPLICATE_METHOD_MATCH = YES;
				COPY_PHASE_STRIP = NO;
				DEBUG_INFORMATION_FORMAT = "dwarf-with-dsym";
				ENABLE_NS_ASSERTIONS = NO;
				ENABLE_STRICT_OBJC_MSGSEND = YES;
				GCC_C_LANGUAGE_STANDARD = gnu11;
				GCC_NO_COMMON_BLOCKS = YES;
				GCC_WARN_64_TO_32_BIT_CONVERSION = YES;
				GCC_WARN_ABOUT_RETURN_TYPE = YES_ERROR;
				GCC_WARN_UNDECLARED_SELECTOR = YES;
				GCC_WARN_UNINITIALIZED_AUTOS = YES_AGGRESSIVE;
				GCC_WARN_UNUSED_FUNCTION = YES;
				GCC_WARN_UNUSED_VARIABLE = YES;
				IPHONEOS_DEPLOYMENT_TARGET = 15.0;
				MTL_ENABLE_DEBUG_INFO = NO;
				MTL_FAST_MATH = YES;
				SDKROOT = iphoneos;
				SWIFT_COMPILATION_MODE = wholemodule;
				SWIFT_OPTIMIZATION_LEVEL = "-O";
				VALIDATE_PRODUCT = YES;
			};
			name = Release;
		};
		4688BCA8270DC45A00F2916F /* Debug */ = {
			isa = XCBuildConfiguration;
			baseConfigurationReference = 10384B4734B2A5AA8655F956 /* Pods-Maps.debug.xcconfig */;
			buildSettings = {
				ASSETCATALOG_COMPILER_APPICON_NAME = AppIcon;
				ASSETCATALOG_COMPILER_GLOBAL_ACCENT_COLOR_NAME = AccentColor;
				CODE_SIGN_STYLE = Automatic;
				CURRENT_PROJECT_VERSION = 1;
				DEVELOPMENT_TEAM = 2ZJNXLX3CB;
				GENERATE_INFOPLIST_FILE = YES;
				INFOPLIST_FILE = Maps/Info.plist;
				INFOPLIST_KEY_UIApplicationSupportsIndirectInputEvents = YES;
				INFOPLIST_KEY_UILaunchStoryboardName = LaunchScreen;
				INFOPLIST_KEY_UISupportedInterfaceOrientations_iPad = "UIInterfaceOrientationPortrait UIInterfaceOrientationPortraitUpsideDown UIInterfaceOrientationLandscapeLeft UIInterfaceOrientationLandscapeRight";
				INFOPLIST_KEY_UISupportedInterfaceOrientations_iPhone = "UIInterfaceOrientationPortrait UIInterfaceOrientationLandscapeLeft UIInterfaceOrientationLandscapeRight";
				IPHONEOS_DEPLOYMENT_TARGET = 13.0;
				LD_RUNPATH_SEARCH_PATHS = (
					"$(inherited)",
					"@executable_path/Frameworks",
				);
				MARKETING_VERSION = 1.0;
				PRODUCT_BUNDLE_IDENTIFIER = Marina.Maps;
				PRODUCT_NAME = "$(TARGET_NAME)";
				SWIFT_EMIT_LOC_STRINGS = YES;
				SWIFT_VERSION = 5.0;
				TARGETED_DEVICE_FAMILY = "1,2";
			};
			name = Debug;
		};
		4688BCA9270DC45A00F2916F /* Release */ = {
			isa = XCBuildConfiguration;
			baseConfigurationReference = E98A87EDF0E6EA91B7242174 /* Pods-Maps.release.xcconfig */;
			buildSettings = {
				ASSETCATALOG_COMPILER_APPICON_NAME = AppIcon;
				ASSETCATALOG_COMPILER_GLOBAL_ACCENT_COLOR_NAME = AccentColor;
				CODE_SIGN_STYLE = Automatic;
				CURRENT_PROJECT_VERSION = 1;
				DEVELOPMENT_TEAM = 2ZJNXLX3CB;
				GENERATE_INFOPLIST_FILE = YES;
				INFOPLIST_FILE = Maps/Info.plist;
				INFOPLIST_KEY_UIApplicationSupportsIndirectInputEvents = YES;
				INFOPLIST_KEY_UILaunchStoryboardName = LaunchScreen;
				INFOPLIST_KEY_UISupportedInterfaceOrientations_iPad = "UIInterfaceOrientationPortrait UIInterfaceOrientationPortraitUpsideDown UIInterfaceOrientationLandscapeLeft UIInterfaceOrientationLandscapeRight";
				INFOPLIST_KEY_UISupportedInterfaceOrientations_iPhone = "UIInterfaceOrientationPortrait UIInterfaceOrientationLandscapeLeft UIInterfaceOrientationLandscapeRight";
				IPHONEOS_DEPLOYMENT_TARGET = 13.0;
				LD_RUNPATH_SEARCH_PATHS = (
					"$(inherited)",
					"@executable_path/Frameworks",
				);
				MARKETING_VERSION = 1.0;
				PRODUCT_BUNDLE_IDENTIFIER = Marina.Maps;
				PRODUCT_NAME = "$(TARGET_NAME)";
				SWIFT_EMIT_LOC_STRINGS = YES;
				SWIFT_VERSION = 5.0;
				TARGETED_DEVICE_FAMILY = "1,2";
			};
			name = Release;
		};
		4688BCAB270DC45A00F2916F /* Debug */ = {
			isa = XCBuildConfiguration;
			baseConfigurationReference = EE75F9BB20AE57476F08644B /* Pods-MapsTests.debug.xcconfig */;
			buildSettings = {
				ALWAYS_EMBED_SWIFT_STANDARD_LIBRARIES = YES;
				BUNDLE_LOADER = "$(TEST_HOST)";
				CODE_SIGN_STYLE = Automatic;
				CURRENT_PROJECT_VERSION = 1;
				DEVELOPMENT_TEAM = 2ZJNXLX3CB;
				GENERATE_INFOPLIST_FILE = YES;
				IPHONEOS_DEPLOYMENT_TARGET = 15.0;
				LD_RUNPATH_SEARCH_PATHS = (
					"$(inherited)",
					"@executable_path/Frameworks",
					"@loader_path/Frameworks",
				);
				MARKETING_VERSION = 1.0;
				PRODUCT_BUNDLE_IDENTIFIER = Marina.MapsTests;
				PRODUCT_NAME = "$(TARGET_NAME)";
				SWIFT_EMIT_LOC_STRINGS = NO;
				SWIFT_VERSION = 5.0;
				TARGETED_DEVICE_FAMILY = "1,2";
				TEST_HOST = "$(BUILT_PRODUCTS_DIR)/Maps.app/Maps";
			};
			name = Debug;
		};
		4688BCAC270DC45A00F2916F /* Release */ = {
			isa = XCBuildConfiguration;
			baseConfigurationReference = FFE63C3AA678E2ED104D9383 /* Pods-MapsTests.release.xcconfig */;
			buildSettings = {
				ALWAYS_EMBED_SWIFT_STANDARD_LIBRARIES = YES;
				BUNDLE_LOADER = "$(TEST_HOST)";
				CODE_SIGN_STYLE = Automatic;
				CURRENT_PROJECT_VERSION = 1;
				DEVELOPMENT_TEAM = 2ZJNXLX3CB;
				GENERATE_INFOPLIST_FILE = YES;
				IPHONEOS_DEPLOYMENT_TARGET = 15.0;
				LD_RUNPATH_SEARCH_PATHS = (
					"$(inherited)",
					"@executable_path/Frameworks",
					"@loader_path/Frameworks",
				);
				MARKETING_VERSION = 1.0;
				PRODUCT_BUNDLE_IDENTIFIER = Marina.MapsTests;
				PRODUCT_NAME = "$(TARGET_NAME)";
				SWIFT_EMIT_LOC_STRINGS = NO;
				SWIFT_VERSION = 5.0;
				TARGETED_DEVICE_FAMILY = "1,2";
				TEST_HOST = "$(BUILT_PRODUCTS_DIR)/Maps.app/Maps";
			};
			name = Release;
		};
		4688BCAE270DC45A00F2916F /* Debug */ = {
			isa = XCBuildConfiguration;
			baseConfigurationReference = F0DA460973077940008E2D24 /* Pods-Maps-MapsUITests.debug.xcconfig */;
			buildSettings = {
				ALWAYS_EMBED_SWIFT_STANDARD_LIBRARIES = YES;
				CODE_SIGN_STYLE = Automatic;
				CURRENT_PROJECT_VERSION = 1;
				DEVELOPMENT_TEAM = 2ZJNXLX3CB;
				GENERATE_INFOPLIST_FILE = YES;
				LD_RUNPATH_SEARCH_PATHS = (
					"$(inherited)",
					"@executable_path/Frameworks",
					"@loader_path/Frameworks",
				);
				MARKETING_VERSION = 1.0;
				PRODUCT_BUNDLE_IDENTIFIER = Marina.MapsUITests;
				PRODUCT_NAME = "$(TARGET_NAME)";
				SWIFT_EMIT_LOC_STRINGS = NO;
				SWIFT_VERSION = 5.0;
				TARGETED_DEVICE_FAMILY = "1,2";
				TEST_TARGET_NAME = Maps;
			};
			name = Debug;
		};
		4688BCAF270DC45A00F2916F /* Release */ = {
			isa = XCBuildConfiguration;
			baseConfigurationReference = 68FCD6FBFAF50876F6C173DD /* Pods-Maps-MapsUITests.release.xcconfig */;
			buildSettings = {
				ALWAYS_EMBED_SWIFT_STANDARD_LIBRARIES = YES;
				CODE_SIGN_STYLE = Automatic;
				CURRENT_PROJECT_VERSION = 1;
				DEVELOPMENT_TEAM = 2ZJNXLX3CB;
				GENERATE_INFOPLIST_FILE = YES;
				LD_RUNPATH_SEARCH_PATHS = (
					"$(inherited)",
					"@executable_path/Frameworks",
					"@loader_path/Frameworks",
				);
				MARKETING_VERSION = 1.0;
				PRODUCT_BUNDLE_IDENTIFIER = Marina.MapsUITests;
				PRODUCT_NAME = "$(TARGET_NAME)";
				SWIFT_EMIT_LOC_STRINGS = NO;
				SWIFT_VERSION = 5.0;
				TARGETED_DEVICE_FAMILY = "1,2";
				TEST_TARGET_NAME = Maps;
			};
			name = Release;
		};
/* End XCBuildConfiguration section */

/* Begin XCConfigurationList section */
		4688BC78270DC45900F2916F /* Build configuration list for PBXProject "Maps" */ = {
			isa = XCConfigurationList;
			buildConfigurations = (
				4688BCA5270DC45A00F2916F /* Debug */,
				4688BCA6270DC45A00F2916F /* Release */,
			);
			defaultConfigurationIsVisible = 0;
			defaultConfigurationName = Release;
		};
		4688BCA7270DC45A00F2916F /* Build configuration list for PBXNativeTarget "Maps" */ = {
			isa = XCConfigurationList;
			buildConfigurations = (
				4688BCA8270DC45A00F2916F /* Debug */,
				4688BCA9270DC45A00F2916F /* Release */,
			);
			defaultConfigurationIsVisible = 0;
			defaultConfigurationName = Release;
		};
		4688BCAA270DC45A00F2916F /* Build configuration list for PBXNativeTarget "MapsTests" */ = {
			isa = XCConfigurationList;
			buildConfigurations = (
				4688BCAB270DC45A00F2916F /* Debug */,
				4688BCAC270DC45A00F2916F /* Release */,
			);
			defaultConfigurationIsVisible = 0;
			defaultConfigurationName = Release;
		};
		4688BCAD270DC45A00F2916F /* Build configuration list for PBXNativeTarget "MapsUITests" */ = {
			isa = XCConfigurationList;
			buildConfigurations = (
				4688BCAE270DC45A00F2916F /* Debug */,
				4688BCAF270DC45A00F2916F /* Release */,
			);
			defaultConfigurationIsVisible = 0;
			defaultConfigurationName = Release;
		};
/* End XCConfigurationList section */
	};
	rootObject = 4688BC75270DC45900F2916F /* Project object */;
}
